lockfileVersion: '9.0'

settings:
  autoInstallPeers: true
  excludeLinksFromLockfile: false

importers:

  .:
    dependencies:
      trpc:
        specifier: workspace:*
        version: link:trpc

  trpc:
    dependencies:
      '@trpc/server':
        specifier: 11.0.0-rc.477
        version: 11.0.0-rc.477
      superjson:
        specifier: 2.2.1
        version: 2.2.1
      zod:
        specifier: 3.23.8
        version: 3.23.8
    devDependencies:
      typescript:
        specifier: 5.6.2
        version: 5.6.2

packages:

  '@trpc/server@11.0.0-rc.477':
    resolution: {integrity: sha512-K6zmjRv96fWilqm/ETehEK1DWsy5bSyrs2xbsNzCbjguMgamMhOClRHgYzJcwgLp2kasJ7QgD9YbahOhV1/u1w==}

  copy-anything@3.0.5:
    resolution: {integrity: sha512-yCEafptTtb4bk7GLEQoM8KVJpxAfdBJYaXyzQEgQQQgYrZiDp8SJmGKlYza6CYjEDNstAdNdKA3UuoULlEbS6w==}
    engines: {node: '>=12.13'}

  is-what@4.1.16:
    resolution: {integrity: sha512-ZhMwEosbFJkA0YhFnNDgTM4ZxDRsS6HqTo7qsZM08fehyRYIYa0yHu5R6mgo1n/8MgaPBXiPimPD77baVFYg+A==}
    engines: {node: '>=12.13'}

  superjson@2.2.1:
    resolution: {integrity: sha512-8iGv75BYOa0xRJHK5vRLEjE2H/i4lulTjzpUXic3Eg8akftYjkmQDa8JARQ42rlczXyFR3IeRoeFCc7RxHsYZA==}
    engines: {node: '>=16'}

  typescript@5.6.2:
    resolution: {integrity: sha512-NW8ByodCSNCwZeghjN3o+JX5OFH0Ojg6sadjEKY4huZ52TqbJTJnDo5+Tw98lSy63NZvi4n+ez5m2u5d4PkZyw==}
    engines: {node: '>=14.17'}
    hasBin: true

  zod@3.23.8:
    resolution: {integrity: sha512-XBx9AXhXktjUqnepgTiE5flcKIYWi/rme0Eaj+5Y0lftuGBq+jyRu/md4WnuxqgP1ubdpNCsYEYPxrzVHD8d6g==}

snapshots:

  '@trpc/server@11.0.0-rc.477': {}

  copy-anything@3.0.5:
    dependencies:
      is-what: 4.1.16

  is-what@4.1.16: {}

  superjson@2.2.1:
    dependencies:
      copy-anything: 3.0.5

  typescript@5.6.2: {}

  zod@3.23.8: {}
